
Microsoft Visual Studio Solution File, Format Version 12.00
# Visual Studio Version 17
VisualStudioVersion = 17.9.34616.47
MinimumVisualStudioVersion = 10.0.40219.1
Project("{FAE04EC0-301F-11D3-BF4B-00C04F79EFBC}") = "GenerateAssetJson", "GenerateAssetJson\GenerateAssetJson.csproj", "{B936FB9B-92E4-4795-821D-2984A0AC1048}"
EndProject
Project("{FAE04EC0-301F-11D3-BF4B-00C04F79EFBC}") = "GenerateAssetJson.UnitTests", "GenerateAssetJson.UnitTests\GenerateAssetJson.UnitTests.csproj", "{8FBDA6B4-FDD1-4095-A3CF-3A4A1903F0CC}"
EndProject
Global
	GlobalSection(SolutionConfigurationPlatforms) = preSolution
		Debug|Any CPU = Debug|Any CPU
		Release|Any CPU = Release|Any CPU
	EndGlobalSection
	GlobalSection(ProjectConfigurationPlatforms) = postSolution
		{B936FB9B-92E4-4795-821D-2984A0AC1048}.Debug|Any CPU.ActiveCfg = Debug|Any CPU
		{B936FB9B-92E4-4795-821D-2984A0AC1048}.Debug|Any CPU.Build.0 = Debug|Any CPU
		{B936FB9B-92E4-4795-821D-2984A0AC1048}.Release|Any CPU.ActiveCfg = Release|Any CPU
		{B936FB9B-92E4-4795-821D-2984A0AC1048}.Release|Any CPU.Build.0 = Release|Any CPU
		{8FBDA6B4-FDD1-4095-A3CF-3A4A1903F0CC}.Debug|Any CPU.ActiveCfg = Debug|Any CPU
		{8FBDA6B4-FDD1-4095-A3CF-3A4A1903F0CC}.Debug|Any CPU.Build.0 = Debug|Any CPU
		{8FBDA6B4-FDD1-4095-A3CF-3A4A1903F0CC}.Release|Any CPU.ActiveCfg = Release|Any CPU
		{8FBDA6B4-FDD1-4095-A3CF-3A4A1903F0CC}.Release|Any CPU.Build.0 = Release|Any CPU
	EndGlobalSection
	GlobalSection(SolutionProperties) = preSolution
		HideSolutionNode = FALSE
	EndGlobalSection
	GlobalSection(ExtensibilityGlobals) = postSolution
		SolutionGuid = {277EF5A7-6905-4FB7-A805-349DBEECE1CB}
	EndGlobalSection
EndGlobal
